
Microsoft Visual Studio Solution File, Format Version 12.00
# Visual Studio Version 16
VisualStudioVersion = 16.0.29306.81
MinimumVisualStudioVersion = 10.0.40219.1
Project("{2150E333-8FDC-42A3-9474-1A3956D46DE8}") = "src", "src", "{8DC25C13-D5CE-43B4-9516-6195DB3A38C1}"
EndProject
Project("{2150E333-8FDC-42A3-9474-1A3956D46DE8}") = "Web", "Web", "{C24923C5-6C65-495B-8BC2-FD1F698D8429}"
EndProject
Project("{2150E333-8FDC-42A3-9474-1A3956D46DE8}") = "Services", "Services", "{F33ADB12-9637-40D6-BA89-F41C0D73A941}"
EndProject
Project("{2150E333-8FDC-42A3-9474-1A3956D46DE8}") = "Tools", "Tools", "{E5255553-F133-4F98-AB8D-7BCF05A813DB}"
EndProject
Project("{9A19103F-16F7-4668-BE54-9A1E7A4F7556}") = "VueApp", "src\Web\VueApp\VueApp.csproj", "{9524E3F0-5A20-4F55-A6EA-E24515047E79}"
EndProject
Project("{2150E333-8FDC-42A3-9474-1A3956D46DE8}") = "Food", "Food", "{02BBFD67-F66D-453F-BA25-83765A2F4335}"
EndProject
Project("{2150E333-8FDC-42A3-9474-1A3956D46DE8}") = "Identity", "Identity", "{062F121C-6457-452F-A795-42CFFE377672}"
EndProject
Project("{9A19103F-16F7-4668-BE54-9A1E7A4F7556}") = "Food.API", "src\Services\Food\Food.API\Food.API.csproj", "{E7ACCFCA-6AFE-4FD5-875D-C202A72C381D}"
EndProject
Project("{9A19103F-16F7-4668-BE54-9A1E7A4F7556}") = "Food.Core", "src\Services\Food\Food.Core\Food.Core.csproj", "{D6FA6DA7-0030-48E4-9390-E82E145C72FE}"
EndProject

Project("{2150E333-8FDC-42A3-9474-1A3956D46DE8}") = "Parser", "Parser", "{066C4046-D863-46C6-8E99-7B4E31F0AA5D}"
EndProject
Project("{9A19103F-16F7-4668-BE54-9A1E7A4F7556}") = "ParserTool", "src\Tools\Parser\ParserTool.csproj", "{DC4AC7B1-E79B-48F1-998F-951F9D431FD4}"
EndProject
Global
	GlobalSection(SolutionConfigurationPlatforms) = preSolution
		Debug|Any CPU = Debug|Any CPU
		Release|Any CPU = Release|Any CPU
	EndGlobalSection
	GlobalSection(ProjectConfigurationPlatforms) = postSolution
		{9524E3F0-5A20-4F55-A6EA-E24515047E79}.Debug|Any CPU.ActiveCfg = Debug|Any CPU
		{9524E3F0-5A20-4F55-A6EA-E24515047E79}.Debug|Any CPU.Build.0 = Debug|Any CPU
		{9524E3F0-5A20-4F55-A6EA-E24515047E79}.Release|Any CPU.ActiveCfg = Release|Any CPU
		{9524E3F0-5A20-4F55-A6EA-E24515047E79}.Release|Any CPU.Build.0 = Release|Any CPU
		{E7ACCFCA-6AFE-4FD5-875D-C202A72C381D}.Debug|Any CPU.ActiveCfg = Debug|Any CPU
		{E7ACCFCA-6AFE-4FD5-875D-C202A72C381D}.Debug|Any CPU.Build.0 = Debug|Any CPU
		{E7ACCFCA-6AFE-4FD5-875D-C202A72C381D}.Release|Any CPU.ActiveCfg = Release|Any CPU
		{E7ACCFCA-6AFE-4FD5-875D-C202A72C381D}.Release|Any CPU.Build.0 = Release|Any CPU
		{D6FA6DA7-0030-48E4-9390-E82E145C72FE}.Debug|Any CPU.ActiveCfg = Debug|Any CPU
		{D6FA6DA7-0030-48E4-9390-E82E145C72FE}.Debug|Any CPU.Build.0 = Debug|Any CPU
		{D6FA6DA7-0030-48E4-9390-E82E145C72FE}.Release|Any CPU.ActiveCfg = Release|Any CPU
		{D6FA6DA7-0030-48E4-9390-E82E145C72FE}.Release|Any CPU.Build.0 = Release|Any CPU
		{DC4AC7B1-E79B-48F1-998F-951F9D431FD4}.Debug|Any CPU.ActiveCfg = Debug|Any CPU
		{DC4AC7B1-E79B-48F1-998F-951F9D431FD4}.Debug|Any CPU.Build.0 = Debug|Any CPU
		{DC4AC7B1-E79B-48F1-998F-951F9D431FD4}.Release|Any CPU.ActiveCfg = Release|Any CPU
		{DC4AC7B1-E79B-48F1-998F-951F9D431FD4}.Release|Any CPU.Build.0 = Release|Any CPU
	EndGlobalSection
	GlobalSection(SolutionProperties) = preSolution
		HideSolutionNode = FALSE
	EndGlobalSection
	GlobalSection(NestedProjects) = preSolution
		{C24923C5-6C65-495B-8BC2-FD1F698D8429} = {8DC25C13-D5CE-43B4-9516-6195DB3A38C1}
		{F33ADB12-9637-40D6-BA89-F41C0D73A941} = {8DC25C13-D5CE-43B4-9516-6195DB3A38C1}
		{E5255553-F133-4F98-AB8D-7BCF05A813DB} = {8DC25C13-D5CE-43B4-9516-6195DB3A38C1}
		{9524E3F0-5A20-4F55-A6EA-E24515047E79} = {C24923C5-6C65-495B-8BC2-FD1F698D8429}
		{02BBFD67-F66D-453F-BA25-83765A2F4335} = {F33ADB12-9637-40D6-BA89-F41C0D73A941}
		{062F121C-6457-452F-A795-42CFFE377672} = {F33ADB12-9637-40D6-BA89-F41C0D73A941}
		{E7ACCFCA-6AFE-4FD5-875D-C202A72C381D} = {02BBFD67-F66D-453F-BA25-83765A2F4335}
		{D6FA6DA7-0030-48E4-9390-E82E145C72FE} = {02BBFD67-F66D-453F-BA25-83765A2F4335}		
		{066C4046-D863-46C6-8E99-7B4E31F0AA5D} = {E5255553-F133-4F98-AB8D-7BCF05A813DB}
		{DC4AC7B1-E79B-48F1-998F-951F9D431FD4} = {066C4046-D863-46C6-8E99-7B4E31F0AA5D}
	EndGlobalSection
	GlobalSection(ExtensibilityGlobals) = postSolution
		SolutionGuid = {7267438F-BAF2-4865-A992-322D81942099}
	EndGlobalSection
EndGlobal
